// !$*UTF8*$!
{
	archiveVersion = 1;
	classes = {
	};
	objectVersion = 51;
	objects = {

/* Begin PBXBuildFile section */
		40A8E9B0EBD58727F364EB7A /* Pods_Flickr_AppTests.framework in Frameworks */ = {isa = PBXBuildFile; fileRef = BD278C5628A597EE383FC3DE /* Pods_Flickr_AppTests.framework */; };
		BB510B1122BD9299008FB0B8 /* FlickrViewControllerPresenter.swift in Sources */ = {isa = PBXBuildFile; fileRef = BB510B1022BD9299008FB0B8 /* FlickrViewControllerPresenter.swift */; };
		BB510B1522BD94E1008FB0B8 /* FlickrViewController+PresenterDelegate.swift in Sources */ = {isa = PBXBuildFile; fileRef = BB510B1422BD94E1008FB0B8 /* FlickrViewController+PresenterDelegate.swift */; };
		BB510B1722BDB4BC008FB0B8 /* FlickrViewController+UISearchBar.swift in Sources */ = {isa = PBXBuildFile; fileRef = BB510B1622BDB4BC008FB0B8 /* FlickrViewController+UISearchBar.swift */; };
		BB9583D422BC4110009F16F1 /* AppDelegate.swift in Sources */ = {isa = PBXBuildFile; fileRef = BB9583D322BC4110009F16F1 /* AppDelegate.swift */; };
		BB9583D622BC4110009F16F1 /* FlickrViewController.swift in Sources */ = {isa = PBXBuildFile; fileRef = BB9583D522BC4110009F16F1 /* FlickrViewController.swift */; };
		BB9583D922BC4110009F16F1 /* Main.storyboard in Resources */ = {isa = PBXBuildFile; fileRef = BB9583D722BC4110009F16F1 /* Main.storyboard */; };
		BB9583DC22BC4110009F16F1 /* Flickr_App.xcdatamodeld in Sources */ = {isa = PBXBuildFile; fileRef = BB9583DA22BC4110009F16F1 /* Flickr_App.xcdatamodeld */; };
		BB9583DE22BC4111009F16F1 /* Assets.xcassets in Resources */ = {isa = PBXBuildFile; fileRef = BB9583DD22BC4111009F16F1 /* Assets.xcassets */; };
		BB9583E122BC4111009F16F1 /* LaunchScreen.storyboard in Resources */ = {isa = PBXBuildFile; fileRef = BB9583DF22BC4111009F16F1 /* LaunchScreen.storyboard */; };
		BB9583EC22BC4111009F16F1 /* Flickr_AppTests.swift in Sources */ = {isa = PBXBuildFile; fileRef = BB9583EB22BC4111009F16F1 /* Flickr_AppTests.swift */; };
		BB95840022BC54E3009F16F1 /* ImageTableViewCell.swift in Sources */ = {isa = PBXBuildFile; fileRef = BB9583FE22BC54E3009F16F1 /* ImageTableViewCell.swift */; };
		BB95840122BC54E3009F16F1 /* ImageTableViewCell.xib in Resources */ = {isa = PBXBuildFile; fileRef = BB9583FF22BC54E3009F16F1 /* ImageTableViewCell.xib */; };
		BB95840322BC5617009F16F1 /* FlickrViewController+TableView.swift in Sources */ = {isa = PBXBuildFile; fileRef = BB95840222BC5617009F16F1 /* FlickrViewController+TableView.swift */; };
		BB95840822BC5DD4009F16F1 /* GroupTableViewCell.swift in Sources */ = {isa = PBXBuildFile; fileRef = BB95840622BC5DD4009F16F1 /* GroupTableViewCell.swift */; };
		BB95840922BC5DD4009F16F1 /* GroupTableViewCell.xib in Resources */ = {isa = PBXBuildFile; fileRef = BB95840722BC5DD4009F16F1 /* GroupTableViewCell.xib */; };
		BB95840B22BC67BF009F16F1 /* Image.swift in Sources */ = {isa = PBXBuildFile; fileRef = BB95840A22BC67BF009F16F1 /* Image.swift */; };
		BB95840D22BC683A009F16F1 /* Group.swift in Sources */ = {isa = PBXBuildFile; fileRef = BB95840C22BC683A009F16F1 /* Group.swift */; };
		BB95840F22BC688F009F16F1 /* ImagesServices.swift in Sources */ = {isa = PBXBuildFile; fileRef = BB95840E22BC688F009F16F1 /* ImagesServices.swift */; };
		BB95841122BC689C009F16F1 /* GroupServices.swift in Sources */ = {isa = PBXBuildFile; fileRef = BB95841022BC689C009F16F1 /* GroupServices.swift */; };
		BB95841322BC6FBC009F16F1 /* APIClient.swift in Sources */ = {isa = PBXBuildFile; fileRef = BB95841222BC6FBC009F16F1 /* APIClient.swift */; };
		BB95841522BC7049009F16F1 /* HTTPMethod.swift in Sources */ = {isa = PBXBuildFile; fileRef = BB95841422BC7049009F16F1 /* HTTPMethod.swift */; };
		DB0B60B0BFE9619893E61BEC /* Pods_Flickr_App.framework in Frameworks */ = {isa = PBXBuildFile; fileRef = 99E179C2435D1A5C4CD78601 /* Pods_Flickr_App.framework */; };
/* End PBXBuildFile section */

/* Begin PBXContainerItemProxy section */
		BB9583E822BC4111009F16F1 /* PBXContainerItemProxy */ = {
			isa = PBXContainerItemProxy;
			containerPortal = BB9583C822BC4110009F16F1 /* Project object */;
			proxyType = 1;
			remoteGlobalIDString = BB9583CF22BC4110009F16F1;
			remoteInfo = "Flickr-App";
		};
/* End PBXContainerItemProxy section */

/* Begin PBXFileReference section */
		291F91B55063510D8366C24C /* Pods-Flickr-App.debug.xcconfig */ = {isa = PBXFileReference; includeInIndex = 1; lastKnownFileType = text.xcconfig; name = "Pods-Flickr-App.debug.xcconfig"; path = "Target Support Files/Pods-Flickr-App/Pods-Flickr-App.debug.xcconfig"; sourceTree = "<group>"; };
		99E179C2435D1A5C4CD78601 /* Pods_Flickr_App.framework */ = {isa = PBXFileReference; explicitFileType = wrapper.framework; includeInIndex = 0; path = Pods_Flickr_App.framework; sourceTree = BUILT_PRODUCTS_DIR; };
		A86574D6F36A23B01D6E8AAD /* Pods-Flickr-AppTests.debug.xcconfig */ = {isa = PBXFileReference; includeInIndex = 1; lastKnownFileType = text.xcconfig; name = "Pods-Flickr-AppTests.debug.xcconfig"; path = "Target Support Files/Pods-Flickr-AppTests/Pods-Flickr-AppTests.debug.xcconfig"; sourceTree = "<group>"; };
		BB510B1022BD9299008FB0B8 /* FlickrViewControllerPresenter.swift */ = {isa = PBXFileReference; lastKnownFileType = sourcecode.swift; path = FlickrViewControllerPresenter.swift; sourceTree = "<group>"; };
		BB510B1422BD94E1008FB0B8 /* FlickrViewController+PresenterDelegate.swift */ = {isa = PBXFileReference; lastKnownFileType = sourcecode.swift; path = "FlickrViewController+PresenterDelegate.swift"; sourceTree = "<group>"; };
		BB510B1622BDB4BC008FB0B8 /* FlickrViewController+UISearchBar.swift */ = {isa = PBXFileReference; lastKnownFileType = sourcecode.swift; path = "FlickrViewController+UISearchBar.swift"; sourceTree = "<group>"; };
		BB9583D022BC4110009F16F1 /* Flickr-App.app */ = {isa = PBXFileReference; explicitFileType = wrapper.application; includeInIndex = 0; path = "Flickr-App.app"; sourceTree = BUILT_PRODUCTS_DIR; };
		BB9583D322BC4110009F16F1 /* AppDelegate.swift */ = {isa = PBXFileReference; lastKnownFileType = sourcecode.swift; path = AppDelegate.swift; sourceTree = "<group>"; };
		BB9583D522BC4110009F16F1 /* FlickrViewController.swift */ = {isa = PBXFileReference; lastKnownFileType = sourcecode.swift; path = FlickrViewController.swift; sourceTree = "<group>"; };
		BB9583D822BC4110009F16F1 /* Base */ = {isa = PBXFileReference; lastKnownFileType = file.storyboard; name = Base; path = Base.lproj/Main.storyboard; sourceTree = "<group>"; };
		BB9583DB22BC4110009F16F1 /* Flickr_App.xcdatamodel */ = {isa = PBXFileReference; lastKnownFileType = wrapper.xcdatamodel; path = Flickr_App.xcdatamodel; sourceTree = "<group>"; };
		BB9583DD22BC4111009F16F1 /* Assets.xcassets */ = {isa = PBXFileReference; lastKnownFileType = folder.assetcatalog; path = Assets.xcassets; sourceTree = "<group>"; };
		BB9583E022BC4111009F16F1 /* Base */ = {isa = PBXFileReference; lastKnownFileType = file.storyboard; name = Base; path = Base.lproj/LaunchScreen.storyboard; sourceTree = "<group>"; };
		BB9583E222BC4111009F16F1 /* Info.plist */ = {isa = PBXFileReference; lastKnownFileType = text.plist.xml; path = Info.plist; sourceTree = "<group>"; };
		BB9583E722BC4111009F16F1 /* Flickr-AppTests.xctest */ = {isa = PBXFileReference; explicitFileType = wrapper.cfbundle; includeInIndex = 0; path = "Flickr-AppTests.xctest"; sourceTree = BUILT_PRODUCTS_DIR; };
		BB9583EB22BC4111009F16F1 /* Flickr_AppTests.swift */ = {isa = PBXFileReference; lastKnownFileType = sourcecode.swift; path = Flickr_AppTests.swift; sourceTree = "<group>"; };
		BB9583ED22BC4111009F16F1 /* Info.plist */ = {isa = PBXFileReference; lastKnownFileType = text.plist.xml; path = Info.plist; sourceTree = "<group>"; };
		BB9583FE22BC54E3009F16F1 /* ImageTableViewCell.swift */ = {isa = PBXFileReference; lastKnownFileType = sourcecode.swift; path = ImageTableViewCell.swift; sourceTree = "<group>"; };
		BB9583FF22BC54E3009F16F1 /* ImageTableViewCell.xib */ = {isa = PBXFileReference; lastKnownFileType = file.xib; path = ImageTableViewCell.xib; sourceTree = "<group>"; };
		BB95840222BC5617009F16F1 /* FlickrViewController+TableView.swift */ = {isa = PBXFileReference; lastKnownFileType = sourcecode.swift; path = "FlickrViewController+TableView.swift"; sourceTree = "<group>"; };
		BB95840622BC5DD4009F16F1 /* GroupTableViewCell.swift */ = {isa = PBXFileReference; lastKnownFileType = sourcecode.swift; path = GroupTableViewCell.swift; sourceTree = "<group>"; };
		BB95840722BC5DD4009F16F1 /* GroupTableViewCell.xib */ = {isa = PBXFileReference; lastKnownFileType = file.xib; path = GroupTableViewCell.xib; sourceTree = "<group>"; };
		BB95840A22BC67BF009F16F1 /* Image.swift */ = {isa = PBXFileReference; lastKnownFileType = sourcecode.swift; path = Image.swift; sourceTree = "<group>"; };
		BB95840C22BC683A009F16F1 /* Group.swift */ = {isa = PBXFileReference; lastKnownFileType = sourcecode.swift; path = Group.swift; sourceTree = "<group>"; };
		BB95840E22BC688F009F16F1 /* ImagesServices.swift */ = {isa = PBXFileReference; lastKnownFileType = sourcecode.swift; path = ImagesServices.swift; sourceTree = "<group>"; };
		BB95841022BC689C009F16F1 /* GroupServices.swift */ = {isa = PBXFileReference; lastKnownFileType = sourcecode.swift; path = GroupServices.swift; sourceTree = "<group>"; };
		BB95841222BC6FBC009F16F1 /* APIClient.swift */ = {isa = PBXFileReference; lastKnownFileType = sourcecode.swift; path = APIClient.swift; sourceTree = "<group>"; };
		BB95841422BC7049009F16F1 /* HTTPMethod.swift */ = {isa = PBXFileReference; lastKnownFileType = sourcecode.swift; path = HTTPMethod.swift; sourceTree = "<group>"; };
		BD278C5628A597EE383FC3DE /* Pods_Flickr_AppTests.framework */ = {isa = PBXFileReference; explicitFileType = wrapper.framework; includeInIndex = 0; path = Pods_Flickr_AppTests.framework; sourceTree = BUILT_PRODUCTS_DIR; };
		C68A17C89C17E6200994B921 /* Pods-Flickr-AppTests.release.xcconfig */ = {isa = PBXFileReference; includeInIndex = 1; lastKnownFileType = text.xcconfig; name = "Pods-Flickr-AppTests.release.xcconfig"; path = "Target Support Files/Pods-Flickr-AppTests/Pods-Flickr-AppTests.release.xcconfig"; sourceTree = "<group>"; };
		DC0D33334E8628777C2B26DA /* Pods-Flickr-App.release.xcconfig */ = {isa = PBXFileReference; includeInIndex = 1; lastKnownFileType = text.xcconfig; name = "Pods-Flickr-App.release.xcconfig"; path = "Target Support Files/Pods-Flickr-App/Pods-Flickr-App.release.xcconfig"; sourceTree = "<group>"; };
/* End PBXFileReference section */

/* Begin PBXFrameworksBuildPhase section */
		BB9583CD22BC4110009F16F1 /* Frameworks */ = {
			isa = PBXFrameworksBuildPhase;
			buildActionMask = 2147483647;
			files = (
				DB0B60B0BFE9619893E61BEC /* Pods_Flickr_App.framework in Frameworks */,
			);
			runOnlyForDeploymentPostprocessing = 0;
		};
		BB9583E422BC4111009F16F1 /* Frameworks */ = {
			isa = PBXFrameworksBuildPhase;
			buildActionMask = 2147483647;
			files = (
				40A8E9B0EBD58727F364EB7A /* Pods_Flickr_AppTests.framework in Frameworks */,
			);
			runOnlyForDeploymentPostprocessing = 0;
		};
/* End PBXFrameworksBuildPhase section */

/* Begin PBXGroup section */
		0FEE41E76A824FCFA55FD958 /* Frameworks */ = {
			isa = PBXGroup;
			children = (
				99E179C2435D1A5C4CD78601 /* Pods_Flickr_App.framework */,
				BD278C5628A597EE383FC3DE /* Pods_Flickr_AppTests.framework */,
			);
			name = Frameworks;
			sourceTree = "<group>";
		};
		BB9583C722BC4110009F16F1 = {
			isa = PBXGroup;
			children = (
				BB9583D222BC4110009F16F1 /* Flickr-App */,
				BB9583EA22BC4111009F16F1 /* Flickr-AppTests */,
				BB9583D122BC4110009F16F1 /* Products */,
				CFBD2A299FD363C14A3AC8DE /* Pods */,
				0FEE41E76A824FCFA55FD958 /* Frameworks */,
			);
			sourceTree = "<group>";
		};
		BB9583D122BC4110009F16F1 /* Products */ = {
			isa = PBXGroup;
			children = (
				BB9583D022BC4110009F16F1 /* Flickr-App.app */,
				BB9583E722BC4111009F16F1 /* Flickr-AppTests.xctest */,
			);
			name = Products;
			sourceTree = "<group>";
		};
		BB9583D222BC4110009F16F1 /* Flickr-App */ = {
			isa = PBXGroup;
			children = (
				BB9583D322BC4110009F16F1 /* AppDelegate.swift */,
				BB9583FC22BC4430009F16F1 /* Model */,
				BB9583FD22BC443C009F16F1 /* Services */,
				BB9583FB22BC4429009F16F1 /* Storyboards */,
				BB9583FA22BC4421009F16F1 /* View */,
				BB9583F922BC440F009F16F1 /* ViewController */,
				BB9583F622BC43CA009F16F1 /* Extensions */,
				BB9583F822BC43F8009F16F1 /* Presenter */,
				BB9583F722BC43D9009F16F1 /* Assets */,
				BB9583E222BC4111009F16F1 /* Info.plist */,
			);
			path = "Flickr-App";
			sourceTree = "<group>";
		};
		BB9583EA22BC4111009F16F1 /* Flickr-AppTests */ = {
			isa = PBXGroup;
			children = (
				BB9583EB22BC4111009F16F1 /* Flickr_AppTests.swift */,
				BB9583ED22BC4111009F16F1 /* Info.plist */,
			);
			path = "Flickr-AppTests";
			sourceTree = "<group>";
		};
		BB9583F622BC43CA009F16F1 /* Extensions */ = {
			isa = PBXGroup;
			children = (
				BB510B1422BD94E1008FB0B8 /* FlickrViewController+PresenterDelegate.swift */,
				BB95840222BC5617009F16F1 /* FlickrViewController+TableView.swift */,
				BB510B1622BDB4BC008FB0B8 /* FlickrViewController+UISearchBar.swift */,
			);
			path = Extensions;
			sourceTree = "<group>";
		};
		BB9583F722BC43D9009F16F1 /* Assets */ = {
			isa = PBXGroup;
			children = (
				BB9583DD22BC4111009F16F1 /* Assets.xcassets */,
			);
			name = Assets;
			sourceTree = "<group>";
		};
		BB9583F822BC43F8009F16F1 /* Presenter */ = {
			isa = PBXGroup;
			children = (
				BB510B1022BD9299008FB0B8 /* FlickrViewControllerPresenter.swift */,
			);
			path = Presenter;
			sourceTree = "<group>";
		};
		BB9583F922BC440F009F16F1 /* ViewController */ = {
			isa = PBXGroup;
			children = (
				BB9583D522BC4110009F16F1 /* FlickrViewController.swift */,
			);
			path = ViewController;
			sourceTree = "<group>";
		};
		BB9583FA22BC4421009F16F1 /* View */ = {
			isa = PBXGroup;
			children = (
				BB95840522BC5DB7009F16F1 /* GroupTableViewCell */,
				BB95840422BC5DA8009F16F1 /* ImageTableViewCell */,
			);
			path = View;
			sourceTree = "<group>";
		};
		BB9583FB22BC4429009F16F1 /* Storyboards */ = {
			isa = PBXGroup;
			children = (
				BB9583D722BC4110009F16F1 /* Main.storyboard */,
				BB9583DF22BC4111009F16F1 /* LaunchScreen.storyboard */,
			);
			path = Storyboards;
			sourceTree = "<group>";
		};
		BB9583FC22BC4430009F16F1 /* Model */ = {
			isa = PBXGroup;
			children = (
				BB95841422BC7049009F16F1 /* HTTPMethod.swift */,
				BB95840A22BC67BF009F16F1 /* Image.swift */,
				BB95840C22BC683A009F16F1 /* Group.swift */,
				BB9583DA22BC4110009F16F1 /* Flickr_App.xcdatamodeld */,
			);
			path = Model;
			sourceTree = "<group>";
		};
		BB9583FD22BC443C009F16F1 /* Services */ = {
			isa = PBXGroup;
			children = (
				BB95841222BC6FBC009F16F1 /* APIClient.swift */,
				BB95840E22BC688F009F16F1 /* ImagesServices.swift */,
				BB95841022BC689C009F16F1 /* GroupServices.swift */,
			);
			path = Services;
			sourceTree = "<group>";
		};
		BB95840422BC5DA8009F16F1 /* ImageTableViewCell */ = {
			isa = PBXGroup;
			children = (
				BB9583FE22BC54E3009F16F1 /* ImageTableViewCell.swift */,
				BB9583FF22BC54E3009F16F1 /* ImageTableViewCell.xib */,
			);
			path = ImageTableViewCell;
			sourceTree = "<group>";
		};
		BB95840522BC5DB7009F16F1 /* GroupTableViewCell */ = {
			isa = PBXGroup;
			children = (
				BB95840622BC5DD4009F16F1 /* GroupTableViewCell.swift */,
				BB95840722BC5DD4009F16F1 /* GroupTableViewCell.xib */,
			);
			path = GroupTableViewCell;
			sourceTree = "<group>";
		};
		CFBD2A299FD363C14A3AC8DE /* Pods */ = {
			isa = PBXGroup;
			children = (
				291F91B55063510D8366C24C /* Pods-Flickr-App.debug.xcconfig */,
				DC0D33334E8628777C2B26DA /* Pods-Flickr-App.release.xcconfig */,
				A86574D6F36A23B01D6E8AAD /* Pods-Flickr-AppTests.debug.xcconfig */,
				C68A17C89C17E6200994B921 /* Pods-Flickr-AppTests.release.xcconfig */,
			);
			path = Pods;
			sourceTree = "<group>";
		};
/* End PBXGroup section */

/* Begin PBXNativeTarget section */
		BB9583CF22BC4110009F16F1 /* Flickr-App */ = {
			isa = PBXNativeTarget;
			buildConfigurationList = BB9583F022BC4111009F16F1 /* Build configuration list for PBXNativeTarget "Flickr-App" */;
			buildPhases = (
				C877781DB191E5FFCD9466C6 /* [CP] Check Pods Manifest.lock */,
				BB9583CC22BC4110009F16F1 /* Sources */,
				BB9583CD22BC4110009F16F1 /* Frameworks */,
				BB9583CE22BC4110009F16F1 /* Resources */,
				7BF1A05A1CC6C68BE4DBEC37 /* [CP] Embed Pods Frameworks */,
			);
			buildRules = (
			);
			dependencies = (
			);
			name = "Flickr-App";
			productName = "Flickr-App";
			productReference = BB9583D022BC4110009F16F1 /* Flickr-App.app */;
			productType = "com.apple.product-type.application";
		};
		BB9583E622BC4111009F16F1 /* Flickr-AppTests */ = {
			isa = PBXNativeTarget;
			buildConfigurationList = BB9583F322BC4111009F16F1 /* Build configuration list for PBXNativeTarget "Flickr-AppTests" */;
			buildPhases = (
				1C6E1CBDA665EB31C864DBC9 /* [CP] Check Pods Manifest.lock */,
				BB9583E322BC4111009F16F1 /* Sources */,
				BB9583E422BC4111009F16F1 /* Frameworks */,
				BB9583E522BC4111009F16F1 /* Resources */,
			);
			buildRules = (
			);
			dependencies = (
				BB9583E922BC4111009F16F1 /* PBXTargetDependency */,
			);
			name = "Flickr-AppTests";
			productName = "Flickr-AppTests";
			productReference = BB9583E722BC4111009F16F1 /* Flickr-AppTests.xctest */;
			productType = "com.apple.product-type.bundle.unit-test";
		};
/* End PBXNativeTarget section */

/* Begin PBXProject section */
		BB9583C822BC4110009F16F1 /* Project object */ = {
			isa = PBXProject;
			attributes = {
				LastSwiftUpdateCheck = 1020;
				LastUpgradeCheck = 1020;
				ORGANIZATIONNAME = "Abdallah Eid";
				TargetAttributes = {
					BB9583CF22BC4110009F16F1 = {
						CreatedOnToolsVersion = 10.2.1;
						LastSwiftMigration = 1020;
					};
					BB9583E622BC4111009F16F1 = {
						CreatedOnToolsVersion = 10.2.1;
						TestTargetID = BB9583CF22BC4110009F16F1;
					};
				};
			};
			buildConfigurationList = BB9583CB22BC4110009F16F1 /* Build configuration list for PBXProject "Flickr-App" */;
			compatibilityVersion = "Xcode 9.3";
			developmentRegion = en;
			hasScannedForEncodings = 0;
			knownRegions = (
				en,
				Base,
			);
			mainGroup = BB9583C722BC4110009F16F1;
			productRefGroup = BB9583D122BC4110009F16F1 /* Products */;
			projectDirPath = "";
			projectRoot = "";
			targets = (
				BB9583CF22BC4110009F16F1 /* Flickr-App */,
				BB9583E622BC4111009F16F1 /* Flickr-AppTests */,
			);
		};
/* End PBXProject section */

/* Begin PBXResourcesBuildPhase section */
		BB9583CE22BC4110009F16F1 /* Resources */ = {
			isa = PBXResourcesBuildPhase;
			buildActionMask = 2147483647;
			files = (
				BB9583E122BC4111009F16F1 /* LaunchScreen.storyboard in Resources */,
				BB95840922BC5DD4009F16F1 /* GroupTableViewCell.xib in Resources */,
				BB9583DE22BC4111009F16F1 /* Assets.xcassets in Resources */,
				BB95840122BC54E3009F16F1 /* ImageTableViewCell.xib in Resources */,
				BB9583D922BC4110009F16F1 /* Main.storyboard in Resources */,
			);
			runOnlyForDeploymentPostprocessing = 0;
		};
		BB9583E522BC4111009F16F1 /* Resources */ = {
			isa = PBXResourcesBuildPhase;
			buildActionMask = 2147483647;
			files = (
			);
			runOnlyForDeploymentPostprocessing = 0;
		};
/* End PBXResourcesBuildPhase section */

/* Begin PBXShellScriptBuildPhase section */
		1C6E1CBDA665EB31C864DBC9 /* [CP] Check Pods Manifest.lock */ = {
			isa = PBXShellScriptBuildPhase;
			buildActionMask = 2147483647;
			files = (
			);
			inputFileListPaths = (
			);
			inputPaths = (
				"${PODS_PODFILE_DIR_PATH}/Podfile.lock",
				"${PODS_ROOT}/Manifest.lock",
			);
			name = "[CP] Check Pods Manifest.lock";
			outputFileListPaths = (
			);
			outputPaths = (
				"$(DERIVED_FILE_DIR)/Pods-Flickr-AppTests-checkManifestLockResult.txt",
			);
			runOnlyForDeploymentPostprocessing = 0;
			shellPath = /bin/sh;
			shellScript = "diff \"${PODS_PODFILE_DIR_PATH}/Podfile.lock\" \"${PODS_ROOT}/Manifest.lock\" > /dev/null\nif [ $? != 0 ] ; then\n    # print error to STDERR\n    echo \"error: The sandbox is not in sync with the Podfile.lock. Run 'pod install' or update your CocoaPods installation.\" >&2\n    exit 1\nfi\n# This output is used by Xcode 'outputs' to avoid re-running this script phase.\necho \"SUCCESS\" > \"${SCRIPT_OUTPUT_FILE_0}\"\n";
			showEnvVarsInLog = 0;
		};
		7BF1A05A1CC6C68BE4DBEC37 /* [CP] Embed Pods Frameworks */ = {
			isa = PBXShellScriptBuildPhase;
			buildActionMask = 2147483647;
			files = (
			);
			inputFileListPaths = (
				"${PODS_ROOT}/Target Support Files/Pods-Flickr-App/Pods-Flickr-App-frameworks-${CONFIGURATION}-input-files.xcfilelist",
			);
			name = "[CP] Embed Pods Frameworks";
			outputFileListPaths = (
				"${PODS_ROOT}/Target Support Files/Pods-Flickr-App/Pods-Flickr-App-frameworks-${CONFIGURATION}-output-files.xcfilelist",
			);
			runOnlyForDeploymentPostprocessing = 0;
			shellPath = /bin/sh;
			shellScript = "\"${PODS_ROOT}/Target Support Files/Pods-Flickr-App/Pods-Flickr-App-frameworks.sh\"\n";
			showEnvVarsInLog = 0;
		};
		C877781DB191E5FFCD9466C6 /* [CP] Check Pods Manifest.lock */ = {
			isa = PBXShellScriptBuildPhase;
			buildActionMask = 2147483647;
			files = (
			);
			inputFileListPaths = (
			);
			inputPaths = (
				"${PODS_PODFILE_DIR_PATH}/Podfile.lock",
				"${PODS_ROOT}/Manifest.lock",
			);
			name = "[CP] Check Pods Manifest.lock";
			outputFileListPaths = (
			);
			outputPaths = (
				"$(DERIVED_FILE_DIR)/Pods-Flickr-App-checkManifestLockResult.txt",
			);
			runOnlyForDeploymentPostprocessing = 0;
			shellPath = /bin/sh;
			shellScript = "diff \"${PODS_PODFILE_DIR_PATH}/Podfile.lock\" \"${PODS_ROOT}/Manifest.lock\" > /dev/null\nif [ $? != 0 ] ; then\n    # print error to STDERR\n    echo \"error: The sandbox is not in sync with the Podfile.lock. Run 'pod install' or update your CocoaPods installation.\" >&2\n    exit 1\nfi\n# This output is used by Xcode 'outputs' to avoid re-running this script phase.\necho \"SUCCESS\" > \"${SCRIPT_OUTPUT_FILE_0}\"\n";
			showEnvVarsInLog = 0;
		};
/* End PBXShellScriptBuildPhase section */

/* Begin PBXSourcesBuildPhase section */
		BB9583CC22BC4110009F16F1 /* Sources */ = {
			isa = PBXSourcesBuildPhase;
			buildActionMask = 2147483647;
			files = (
				BB95840B22BC67BF009F16F1 /* Image.swift in Sources */,
				BB510B1122BD9299008FB0B8 /* FlickrViewControllerPresenter.swift in Sources */,
				BB9583DC22BC4110009F16F1 /* Flickr_App.xcdatamodeld in Sources */,
				BB95840F22BC688F009F16F1 /* ImagesServices.swift in Sources */,
				BB9583D622BC4110009F16F1 /* FlickrViewController.swift in Sources */,
				BB95840D22BC683A009F16F1 /* Group.swift in Sources */,
				BB95841322BC6FBC009F16F1 /* APIClient.swift in Sources */,
				BB95840022BC54E3009F16F1 /* ImageTableViewCell.swift in Sources */,
				BB510B1722BDB4BC008FB0B8 /* FlickrViewController+UISearchBar.swift in Sources */,
				BB95840822BC5DD4009F16F1 /* GroupTableViewCell.swift in Sources */,
				BB510B1522BD94E1008FB0B8 /* FlickrViewController+PresenterDelegate.swift in Sources */,
				BB95841522BC7049009F16F1 /* HTTPMethod.swift in Sources */,
				BB95841122BC689C009F16F1 /* GroupServices.swift in Sources */,
				BB95840322BC5617009F16F1 /* FlickrViewController+TableView.swift in Sources */,
				BB9583D422BC4110009F16F1 /* AppDelegate.swift in Sources */,
			);
			runOnlyForDeploymentPostprocessing = 0;
		};
		BB9583E322BC4111009F16F1 /* Sources */ = {
			isa = PBXSourcesBuildPhase;
			buildActionMask = 2147483647;
			files = (
				BB9583EC22BC4111009F16F1 /* Flickr_AppTests.swift in Sources */,
			);
			runOnlyForDeploymentPostprocessing = 0;
		};
/* End PBXSourcesBuildPhase section */

/* Begin PBXTargetDependency section */
		BB9583E922BC4111009F16F1 /* PBXTargetDependency */ = {
			isa = PBXTargetDependency;
			target = BB9583CF22BC4110009F16F1 /* Flickr-App */;
			targetProxy = BB9583E822BC4111009F16F1 /* PBXContainerItemProxy */;
		};
/* End PBXTargetDependency section */

/* Begin PBXVariantGroup section */
		BB9583D722BC4110009F16F1 /* Main.storyboard */ = {
			isa = PBXVariantGroup;
			children = (
				BB9583D822BC4110009F16F1 /* Base */,
			);
			name = Main.storyboard;
			sourceTree = "<group>";
		};
		BB9583DF22BC4111009F16F1 /* LaunchScreen.storyboard */ = {
			isa = PBXVariantGroup;
			children = (
				BB9583E022BC4111009F16F1 /* Base */,
			);
			name = LaunchScreen.storyboard;
			sourceTree = "<group>";
		};
/* End PBXVariantGroup section */

/* Begin XCBuildConfiguration section */
		BB9583EE22BC4111009F16F1 /* Debug */ = {
			isa = XCBuildConfiguration;
			buildSettings = {
				ALWAYS_SEARCH_USER_PATHS = NO;
				CLANG_ANALYZER_NONNULL = YES;
				CLANG_ANALYZER_NUMBER_OBJECT_CONVERSION = YES_AGGRESSIVE;
				CLANG_CXX_LANGUAGE_STANDARD = "gnu++14";
				CLANG_CXX_LIBRARY = "libc++";
				CLANG_ENABLE_MODULES = YES;
				CLANG_ENABLE_OBJC_ARC = YES;
				CLANG_ENABLE_OBJC_WEAK = YES;
				CLANG_WARN_BLOCK_CAPTURE_AUTORELEASING = YES;
				CLANG_WARN_BOOL_CONVERSION = YES;
				CLANG_WARN_COMMA = YES;
				CLANG_WARN_CONSTANT_CONVERSION = YES;
				CLANG_WARN_DEPRECATED_OBJC_IMPLEMENTATIONS = YES;
				CLANG_WARN_DIRECT_OBJC_ISA_USAGE = YES_ERROR;
				CLANG_WARN_DOCUMENTATION_COMMENTS = YES;
				CLANG_WARN_EMPTY_BODY = YES;
				CLANG_WARN_ENUM_CONVERSION = YES;
				CLANG_WARN_INFINITE_RECURSION = YES;
				CLANG_WARN_INT_CONVERSION = YES;
				CLANG_WARN_NON_LITERAL_NULL_CONVERSION = YES;
				CLANG_WARN_OBJC_IMPLICIT_RETAIN_SELF = YES;
				CLANG_WARN_OBJC_LITERAL_CONVERSION = YES;
				CLANG_WARN_OBJC_ROOT_CLASS = YES_ERROR;
				CLANG_WARN_RANGE_LOOP_ANALYSIS = YES;
				CLANG_WARN_STRICT_PROTOTYPES = YES;
				CLANG_WARN_SUSPICIOUS_MOVE = YES;
				CLANG_WARN_UNGUARDED_AVAILABILITY = YES_AGGRESSIVE;
				CLANG_WARN_UNREACHABLE_CODE = YES;
				CLANG_WARN__DUPLICATE_METHOD_MATCH = YES;
				CODE_SIGN_IDENTITY = "iPhone Developer";
				COPY_PHASE_STRIP = NO;
				DEBUG_INFORMATION_FORMAT = dwarf;
				ENABLE_STRICT_OBJC_MSGSEND = YES;
				ENABLE_TESTABILITY = YES;
				GCC_C_LANGUAGE_STANDARD = gnu11;
				GCC_DYNAMIC_NO_PIC = NO;
				GCC_NO_COMMON_BLOCKS = YES;
				GCC_OPTIMIZATION_LEVEL = 0;
				GCC_PREPROCESSOR_DEFINITIONS = (
					"DEBUG=1",
					"$(inherited)",
				);
				GCC_WARN_64_TO_32_BIT_CONVERSION = YES;
				GCC_WARN_ABOUT_RETURN_TYPE = YES_ERROR;
				GCC_WARN_UNDECLARED_SELECTOR = YES;
				GCC_WARN_UNINITIALIZED_AUTOS = YES_AGGRESSIVE;
				GCC_WARN_UNUSED_FUNCTION = YES;
				GCC_WARN_UNUSED_VARIABLE = YES;
				IPHONEOS_DEPLOYMENT_TARGET = 12.2;
				MTL_ENABLE_DEBUG_INFO = INCLUDE_SOURCE;
				MTL_FAST_MATH = YES;
				ONLY_ACTIVE_ARCH = YES;
				SDKROOT = iphoneos;
				SWIFT_ACTIVE_COMPILATION_CONDITIONS = DEBUG;
				SWIFT_OPTIMIZATION_LEVEL = "-Onone";
			};
			name = Debug;
		};
		BB9583EF22BC4111009F16F1 /* Release */ = {
			isa = XCBuildConfiguration;
			buildSettings = {
				ALWAYS_SEARCH_USER_PATHS = NO;
				CLANG_ANALYZER_NONNULL = YES;
				CLANG_ANALYZER_NUMBER_OBJECT_CONVERSION = YES_AGGRESSIVE;
				CLANG_CXX_LANGUAGE_STANDARD = "gnu++14";
				CLANG_CXX_LIBRARY = "libc++";
				CLANG_ENABLE_MODULES = YES;
				CLANG_ENABLE_OBJC_ARC = YES;
				CLANG_ENABLE_OBJC_WEAK = YES;
				CLANG_WARN_BLOCK_CAPTURE_AUTORELEASING = YES;
				CLANG_WARN_BOOL_CONVERSION = YES;
				CLANG_WARN_COMMA = YES;
				CLANG_WARN_CONSTANT_CONVERSION = YES;
				CLANG_WARN_DEPRECATED_OBJC_IMPLEMENTATIONS = YES;
				CLANG_WARN_DIRECT_OBJC_ISA_USAGE = YES_ERROR;
				CLANG_WARN_DOCUMENTATION_COMMENTS = YES;
				CLANG_WARN_EMPTY_BODY = YES;
				CLANG_WARN_ENUM_CONVERSION = YES;
				CLANG_WARN_INFINITE_RECURSION = YES;
				CLANG_WARN_INT_CONVERSION = YES;
				CLANG_WARN_NON_LITERAL_NULL_CONVERSION = YES;
				CLANG_WARN_OBJC_IMPLICIT_RETAIN_SELF = YES;
				CLANG_WARN_OBJC_LITERAL_CONVERSION = YES;
				CLANG_WARN_OBJC_ROOT_CLASS = YES_ERROR;
				CLANG_WARN_RANGE_LOOP_ANALYSIS = YES;
				CLANG_WARN_STRICT_PROTOTYPES = YES;
				CLANG_WARN_SUSPICIOUS_MOVE = YES;
				CLANG_WARN_UNGUARDED_AVAILABILITY = YES_AGGRESSIVE;
				CLANG_WARN_UNREACHABLE_CODE = YES;
				CLANG_WARN__DUPLICATE_METHOD_MATCH = YES;
				CODE_SIGN_IDENTITY = "iPhone Developer";
				COPY_PHASE_STRIP = NO;
				DEBUG_INFORMATION_FORMAT = "dwarf-with-dsym";
				ENABLE_NS_ASSERTIONS = NO;
				ENABLE_STRICT_OBJC_MSGSEND = YES;
				GCC_C_LANGUAGE_STANDARD = gnu11;
				GCC_NO_COMMON_BLOCKS = YES;
				GCC_WARN_64_TO_32_BIT_CONVERSION = YES;
				GCC_WARN_ABOUT_RETURN_TYPE = YES_ERROR;
				GCC_WARN_UNDECLARED_SELECTOR = YES;
				GCC_WARN_UNINITIALIZED_AUTOS = YES_AGGRESSIVE;
				GCC_WARN_UNUSED_FUNCTION = YES;
				GCC_WARN_UNUSED_VARIABLE = YES;
				IPHONEOS_DEPLOYMENT_TARGET = 12.2;
				MTL_ENABLE_DEBUG_INFO = NO;
				MTL_FAST_MATH = YES;
				SDKROOT = iphoneos;
				SWIFT_COMPILATION_MODE = wholemodule;
				SWIFT_OPTIMIZATION_LEVEL = "-O";
				VALIDATE_PRODUCT = YES;
			};
			name = Release;
		};
		BB9583F122BC4111009F16F1 /* Debug */ = {
			isa = XCBuildConfiguration;
			baseConfigurationReference = 291F91B55063510D8366C24C /* Pods-Flickr-App.debug.xcconfig */;
			buildSettings = {
				ASSETCATALOG_COMPILER_APPICON_NAME = AppIcon;
				CODE_SIGN_STYLE = Automatic;
				DEVELOPMENT_TEAM = J8ZC4836EX;
				INFOPLIST_FILE = "Flickr-App/Info.plist";
				IPHONEOS_DEPLOYMENT_TARGET = 12.0;
				LD_RUNPATH_SEARCH_PATHS = (
					"$(inherited)",
					"@executable_path/Frameworks",
				);
				PRODUCT_BUNDLE_IDENTIFIER = "abdallah.Flickr-App";
				PRODUCT_NAME = "$(TARGET_NAME)";
				SWIFT_VERSION = 5.0;
				TARGETED_DEVICE_FAMILY = "1,2";
			};
			name = Debug;
		};
		BB9583F222BC4111009F16F1 /* Release */ = {
			isa = XCBuildConfiguration;
			baseConfigurationReference = DC0D33334E8628777C2B26DA /* Pods-Flickr-App.release.xcconfig */;
			buildSettings = {
				ASSETCATALOG_COMPILER_APPICON_NAME = AppIcon;
				CODE_SIGN_STYLE = Automatic;
				DEVELOPMENT_TEAM = J8ZC4836EX;
				INFOPLIST_FILE = "Flickr-App/Info.plist";
				IPHONEOS_DEPLOYMENT_TARGET = 12.0;
				LD_RUNPATH_SEARCH_PATHS = (
					"$(inherited)",
					"@executable_path/Frameworks",
				);
				PRODUCT_BUNDLE_IDENTIFIER = "abdallah.Flickr-App";
				PRODUCT_NAME = "$(TARGET_NAME)";
				SWIFT_VERSION = 5.0;
				TARGETED_DEVICE_FAMILY = "1,2";
			};
			name = Release;
		};
		BB9583F422BC4111009F16F1 /* Debug */ = {
			isa = XCBuildConfiguration;
			baseConfigurationReference = A86574D6F36A23B01D6E8AAD /* Pods-Flickr-AppTests.debug.xcconfig */;
			buildSettings = {
				ALWAYS_EMBED_SWIFT_STANDARD_LIBRARIES = YES;
				BUNDLE_LOADER = "$(TEST_HOST)";
				CODE_SIGN_STYLE = Automatic;
				DEVELOPMENT_TEAM = J8ZC4836EX;
				INFOPLIST_FILE = "Flickr-AppTests/Info.plist";
				LD_RUNPATH_SEARCH_PATHS = (
					"$(inherited)",
					"@executable_path/Frameworks",
					"@loader_path/Frameworks",
				);
				PRODUCT_BUNDLE_IDENTIFIER = "abdallah.Flickr-AppTests";
				PRODUCT_NAME = "$(TARGET_NAME)";
				SWIFT_VERSION = 5.0;
				TARGETED_DEVICE_FAMILY = "1,2";
				TEST_HOST = "$(BUILT_PRODUCTS_DIR)/Flickr-App.app/Flickr-App";
			};
			name = Debug;
		};
		BB9583F522BC4111009F16F1 /* Release */ = {
			isa = XCBuildConfiguration;
			baseConfigurationReference = C68A17C89C17E6200994B921 /* Pods-Flickr-AppTests.release.xcconfig */;
			buildSettings = {
				ALWAYS_EMBED_SWIFT_STANDARD_LIBRARIES = YES;
				BUNDLE_LOADER = "$(TEST_HOST)";
				CODE_SIGN_STYLE = Automatic;
				DEVELOPMENT_TEAM = J8ZC4836EX;
				INFOPLIST_FILE = "Flickr-AppTests/Info.plist";
				LD_RUNPATH_SEARCH_PATHS = (
					"$(inherited)",
					"@executable_path/Frameworks",
					"@loader_path/Frameworks",
				);
				PRODUCT_BUNDLE_IDENTIFIER = "abdallah.Flickr-AppTests";
				PRODUCT_NAME = "$(TARGET_NAME)";
				SWIFT_VERSION = 5.0;
				TARGETED_DEVICE_FAMILY = "1,2";
				TEST_HOST = "$(BUILT_PRODUCTS_DIR)/Flickr-App.app/Flickr-App";
			};
			name = Release;
		};
/* End XCBuildConfiguration section */

/* Begin XCConfigurationList section */
		BB9583CB22BC4110009F16F1 /* Build configuration list for PBXProject "Flickr-App" */ = {
			isa = XCConfigurationList;
			buildConfigurations = (
				BB9583EE22BC4111009F16F1 /* Debug */,
				BB9583EF22BC4111009F16F1 /* Release */,
			);
			defaultConfigurationIsVisible = 0;
			defaultConfigurationName = Release;
		};
		BB9583F022BC4111009F16F1 /* Build configuration list for PBXNativeTarget "Flickr-App" */ = {
			isa = XCConfigurationList;
			buildConfigurations = (
				BB9583F122BC4111009F16F1 /* Debug */,
				BB9583F222BC4111009F16F1 /* Release */,
			);
			defaultConfigurationIsVisible = 0;
			defaultConfigurationName = Release;
		};
		BB9583F322BC4111009F16F1 /* Build configuration list for PBXNativeTarget "Flickr-AppTests" */ = {
			isa = XCConfigurationList;
			buildConfigurations = (
				BB9583F422BC4111009F16F1 /* Debug */,
				BB9583F522BC4111009F16F1 /* Release */,
			);
			defaultConfigurationIsVisible = 0;
			defaultConfigurationName = Release;
		};
/* End XCConfigurationList section */

/* Begin XCVersionGroup section */
		BB9583DA22BC4110009F16F1 /* Flickr_App.xcdatamodeld */ = {
			isa = XCVersionGroup;
			children = (
				BB9583DB22BC4110009F16F1 /* Flickr_App.xcdatamodel */,
			);
			currentVersion = BB9583DB22BC4110009F16F1 /* Flickr_App.xcdatamodel */;
			path = Flickr_App.xcdatamodeld;
			sourceTree = "<group>";
			versionGroupType = wrapper.xcdatamodel;
		};
/* End XCVersionGroup section */
	};
	rootObject = BB9583C822BC4110009F16F1 /* Project object */;
}
